lockfileVersion: '6.0'

settings:
  autoInstallPeers: true
  excludeLinksFromLockfile: false

dependencies:
  '@netlify/functions':
    specifier: 2.6.0
    version: 2.6.0
  sheets-as-an-api-functions:
    specifier: 0.0.4
    version: link:../sheets-as-an-api-functions

packages:

  /@netlify/functions@2.6.0:
    resolution: {integrity: sha512-vU20tij0fb4nRGACqb+5SQvKd50JYyTyEhQetCMHdakcJFzjLDivvRR16u1G2Oy4A7xNAtGJF1uz8reeOtTVcQ==}
    engines: {node: '>=14.0.0'}
    dependencies:
      '@netlify/serverless-functions-api': 1.14.0
    dev: false

  /@netlify/node-cookies@0.1.0:
    resolution: {integrity: sha512-OAs1xG+FfLX0LoRASpqzVntVV/RpYkgpI0VrUnw2u0Q1qiZUzcPffxRK8HF3gc4GjuhG5ahOEMJ9bswBiZPq0g==}
    engines: {node: ^14.16.0 || >=16.0.0}
    dev: false

  /@netlify/serverless-functions-api@1.14.0:
    resolution: {integrity: sha512-HUNETLNvNiC2J+SB/YuRwJA9+agPrc0azSoWVk8H85GC+YE114hcS5JW+dstpKwVerp2xILE3vNWN7IMXP5Q5Q==}
    engines: {node: ^14.18.0 || >=16.0.0}
    dependencies:
      '@netlify/node-cookies': 0.1.0
      urlpattern-polyfill: 8.0.2
    dev: false

  /urlpattern-polyfill@8.0.2:
    resolution: {integrity: sha512-Qp95D4TPJl1kC9SKigDcqgyM2VDVO4RiJc2d4qe5GrYm+zbIQCWWKAFaJNQ4BhdFeDGwBmAxqJBwWSJDb9T3BQ==}
    dev: false
